# This file is automatically @generated by Cargo.
# It is not intended for manual editing.
version = 4

[[package]]
name = "pallet-battles"
version = "0.1.0"

[[package]]
name = "pallet-breeding"
version = "0.1.0"

[[package]]
name = "pallet-critter-nfts"
version = "0.1.0"

[[package]]
name = "pallet-marketplace"
version = "0.1.0"

[[package]]
name = "pallet-quests"
version = "0.1.0"
